
Microsoft Visual Studio Solution File, Format Version 12.00
# Visual Studio Version 17
VisualStudioVersion = 17.0.31903.59
MinimumVisualStudioVersion = 10.0.40219.1
Project("{2150E333-8FDC-42A3-9474-1A3956D46DE8}") = "src", "src", "{2D03B454-2D3C-4ADE-8FB8-221070A9D361}"
EndProject
Project("{FAE04EC0-301F-11D3-BF4B-00C04F79EFBC}") = "HrcTech.Domain", "src\HrcTech.Domain\HrcTech.Domain.csproj", "{ADA9399F-00BC-484B-8C90-4F0E6E32F56E}"
EndProject
Project("{FAE04EC0-301F-11D3-BF4B-00C04F79EFBC}") = "HrcTech.Application", "src\HrcTech.Application\HrcTech.Application.csproj", "{C7BE29E7-B841-4B24-B5BE-0928352DFFE5}"
EndProject
Project("{FAE04EC0-301F-11D3-BF4B-00C04F79EFBC}") = "HrcTech.Infrastructure", "src\HrcTech.Infrastructure\HrcTech.Infrastructure.csproj", "{566ACB43-CEC1-4A95-A03A-2B17530496AB}"
EndProject
Project("{FAE04EC0-301F-11D3-BF4B-00C04F79EFBC}") = "HrcTech.Api", "src\HrcTech.Api\HrcTech.Api.csproj", "{B1638FE6-6433-4A2A-8833-FD8404A898A0}"
EndProject
Global
	GlobalSection(SolutionConfigurationPlatforms) = preSolution
		Debug|Any CPU = Debug|Any CPU
		Release|Any CPU = Release|Any CPU
	EndGlobalSection
	GlobalSection(SolutionProperties) = preSolution
		HideSolutionNode = FALSE
	EndGlobalSection
	GlobalSection(ProjectConfigurationPlatforms) = postSolution
		{ADA9399F-00BC-484B-8C90-4F0E6E32F56E}.Debug|Any CPU.ActiveCfg = Debug|Any CPU
		{ADA9399F-00BC-484B-8C90-4F0E6E32F56E}.Debug|Any CPU.Build.0 = Debug|Any CPU
		{ADA9399F-00BC-484B-8C90-4F0E6E32F56E}.Release|Any CPU.ActiveCfg = Release|Any CPU
		{ADA9399F-00BC-484B-8C90-4F0E6E32F56E}.Release|Any CPU.Build.0 = Release|Any CPU
		{C7BE29E7-B841-4B24-B5BE-0928352DFFE5}.Debug|Any CPU.ActiveCfg = Debug|Any CPU
		{C7BE29E7-B841-4B24-B5BE-0928352DFFE5}.Debug|Any CPU.Build.0 = Debug|Any CPU
		{C7BE29E7-B841-4B24-B5BE-0928352DFFE5}.Release|Any CPU.ActiveCfg = Release|Any CPU
		{C7BE29E7-B841-4B24-B5BE-0928352DFFE5}.Release|Any CPU.Build.0 = Release|Any CPU
		{566ACB43-CEC1-4A95-A03A-2B17530496AB}.Debug|Any CPU.ActiveCfg = Debug|Any CPU
		{566ACB43-CEC1-4A95-A03A-2B17530496AB}.Debug|Any CPU.Build.0 = Debug|Any CPU
		{566ACB43-CEC1-4A95-A03A-2B17530496AB}.Release|Any CPU.ActiveCfg = Release|Any CPU
		{566ACB43-CEC1-4A95-A03A-2B17530496AB}.Release|Any CPU.Build.0 = Release|Any CPU
		{B1638FE6-6433-4A2A-8833-FD8404A898A0}.Debug|Any CPU.ActiveCfg = Debug|Any CPU
		{B1638FE6-6433-4A2A-8833-FD8404A898A0}.Debug|Any CPU.Build.0 = Debug|Any CPU
		{B1638FE6-6433-4A2A-8833-FD8404A898A0}.Release|Any CPU.ActiveCfg = Release|Any CPU
		{B1638FE6-6433-4A2A-8833-FD8404A898A0}.Release|Any CPU.Build.0 = Release|Any CPU
	EndGlobalSection
	GlobalSection(NestedProjects) = preSolution
		{ADA9399F-00BC-484B-8C90-4F0E6E32F56E} = {2D03B454-2D3C-4ADE-8FB8-221070A9D361}
		{C7BE29E7-B841-4B24-B5BE-0928352DFFE5} = {2D03B454-2D3C-4ADE-8FB8-221070A9D361}
		{566ACB43-CEC1-4A95-A03A-2B17530496AB} = {2D03B454-2D3C-4ADE-8FB8-221070A9D361}
		{B1638FE6-6433-4A2A-8833-FD8404A898A0} = {2D03B454-2D3C-4ADE-8FB8-221070A9D361}
	EndGlobalSection
EndGlobal
